<Solution>
  <Folder Name="/src/">
    <Project Path="src/Olve.Short/Olve.Short.csproj" />
  </Folder>
  <Folder Name="/test/">
    <Project Path="test/Olve.Short.UnitTests/Olve.Short.UnitTests.csproj" />
    <Project Path="test/Olve.Short.IntegrationTests/Olve.Short.IntegrationTests.csproj" />
  </Folder>
  <Folder Name="/clients/">
    <Project Path="clients/Olve.Short.Client/Olve.Short.Client.csproj" />
  </Folder>
</Solution>
